
Microsoft Visual Studio Solution File, Format Version 12.00
# Visual Studio Version 17
VisualStudioVersion = 17.11.35208.52
MinimumVisualStudioVersion = 10.0.40219.1
Project("{FAE04EC0-301F-11D3-BF4B-00C04F79EFBC}") = "CajeroAutomatico", "CajeroAutomatico\CajeroAutomatico.csproj", "{BA2F9E7C-00F7-4813-99F7-BD196D04090C}"
EndProject
Global
	GlobalSection(SolutionConfigurationPlatforms) = preSolution
		Debug|Any CPU = Debug|Any CPU
		Release|Any CPU = Release|Any CPU
	EndGlobalSection
	GlobalSection(ProjectConfigurationPlatforms) = postSolution
		{BA2F9E7C-00F7-4813-99F7-BD196D04090C}.Debug|Any CPU.ActiveCfg = Debug|Any CPU
		{BA2F9E7C-00F7-4813-99F7-BD196D04090C}.Debug|Any CPU.Build.0 = Debug|Any CPU
		{BA2F9E7C-00F7-4813-99F7-BD196D04090C}.Release|Any CPU.ActiveCfg = Release|Any CPU
		{BA2F9E7C-00F7-4813-99F7-BD196D04090C}.Release|Any CPU.Build.0 = Release|Any CPU
	EndGlobalSection
	GlobalSection(SolutionProperties) = preSolution
		HideSolutionNode = FALSE
	EndGlobalSection
	GlobalSection(ExtensibilityGlobals) = postSolution
		SolutionGuid = {64ABDE0C-D454-4CC6-B55A-B33782D22074}
	EndGlobalSection
EndGlobal
